
Microsoft Visual Studio Solution File, Format Version 12.00
# Visual Studio Version 16
VisualStudioVersion = 16.0.30709.132
MinimumVisualStudioVersion = 10.0.40219.1
Project("{FAE04EC0-301F-11D3-BF4B-00C04F79EFBC}") = "Polymorphism", "Polymorphism\Polymorphism.csproj", "{7B4ED7F1-40D4-4C41-82C8-2D27FB8F13DB}"
EndProject
Global
	GlobalSection(SolutionConfigurationPlatforms) = preSolution
		Debug|Any CPU = Debug|Any CPU
		Release|Any CPU = Release|Any CPU
	EndGlobalSection
	GlobalSection(ProjectConfigurationPlatforms) = postSolution
		{7B4ED7F1-40D4-4C41-82C8-2D27FB8F13DB}.Debug|Any CPU.ActiveCfg = Debug|Any CPU
		{7B4ED7F1-40D4-4C41-82C8-2D27FB8F13DB}.Debug|Any CPU.Build.0 = Debug|Any CPU
		{7B4ED7F1-40D4-4C41-82C8-2D27FB8F13DB}.Release|Any CPU.ActiveCfg = Release|Any CPU
		{7B4ED7F1-40D4-4C41-82C8-2D27FB8F13DB}.Release|Any CPU.Build.0 = Release|Any CPU
	EndGlobalSection
	GlobalSection(SolutionProperties) = preSolution
		HideSolutionNode = FALSE
	EndGlobalSection
	GlobalSection(ExtensibilityGlobals) = postSolution
		SolutionGuid = {2C9119B8-8EBF-432E-9BB3-336A8CBFEAFE}
	EndGlobalSection
EndGlobal
