
Microsoft Visual Studio Solution File, Format Version 12.00
# Visual Studio Version 16
VisualStudioVersion = 16.0.30611.23
MinimumVisualStudioVersion = 10.0.40219.1
Project("{FAE04EC0-301F-11D3-BF4B-00C04F79EFBC}") = "AccessModifiers", "AccessModifiers\AccessModifiers.csproj", "{F64D1720-2C46-4659-B842-FEC2DDF01CBD}"
EndProject
Global
	GlobalSection(SolutionConfigurationPlatforms) = preSolution
		Debug|Any CPU = Debug|Any CPU
		Release|Any CPU = Release|Any CPU
	EndGlobalSection
	GlobalSection(ProjectConfigurationPlatforms) = postSolution
		{F64D1720-2C46-4659-B842-FEC2DDF01CBD}.Debug|Any CPU.ActiveCfg = Debug|Any CPU
		{F64D1720-2C46-4659-B842-FEC2DDF01CBD}.Debug|Any CPU.Build.0 = Debug|Any CPU
		{F64D1720-2C46-4659-B842-FEC2DDF01CBD}.Release|Any CPU.ActiveCfg = Release|Any CPU
		{F64D1720-2C46-4659-B842-FEC2DDF01CBD}.Release|Any CPU.Build.0 = Release|Any CPU
	EndGlobalSection
	GlobalSection(SolutionProperties) = preSolution
		HideSolutionNode = FALSE
	EndGlobalSection
	GlobalSection(ExtensibilityGlobals) = postSolution
		SolutionGuid = {A191132F-6738-40A3-BF83-83749E5B1910}
	EndGlobalSection
EndGlobal
